
Microsoft Visual Studio Solution File, Format Version 12.00
# Visual Studio Version 17
VisualStudioVersion = 17.2.32616.157
MinimumVisualStudioVersion = 10.0.40219.1
Project("{9A19103F-16F7-4668-BE54-9A1E7A4F7556}") = "Ornek1.1", "Ornek1.1\Ornek1.1.csproj", "{232A53F3-4AF9-4150-AAE6-A014048163C9}"
EndProject
Project("{FAE04EC0-301F-11D3-BF4B-00C04F79EFBC}") = "ClassLibrary1", "ClassLibrary1\ClassLibrary1.csproj", "{366B45E7-D76A-45DA-BFA0-13DDD1B15A0B}"
EndProject
Global
	GlobalSection(SolutionConfigurationPlatforms) = preSolution
		Debug|Any CPU = Debug|Any CPU
		Release|Any CPU = Release|Any CPU
	EndGlobalSection
	GlobalSection(ProjectConfigurationPlatforms) = postSolution
		{232A53F3-4AF9-4150-AAE6-A014048163C9}.Debug|Any CPU.ActiveCfg = Debug|Any CPU
		{232A53F3-4AF9-4150-AAE6-A014048163C9}.Debug|Any CPU.Build.0 = Debug|Any CPU
		{232A53F3-4AF9-4150-AAE6-A014048163C9}.Release|Any CPU.ActiveCfg = Release|Any CPU
		{232A53F3-4AF9-4150-AAE6-A014048163C9}.Release|Any CPU.Build.0 = Release|Any CPU
		{366B45E7-D76A-45DA-BFA0-13DDD1B15A0B}.Debug|Any CPU.ActiveCfg = Debug|Any CPU
		{366B45E7-D76A-45DA-BFA0-13DDD1B15A0B}.Debug|Any CPU.Build.0 = Debug|Any CPU
		{366B45E7-D76A-45DA-BFA0-13DDD1B15A0B}.Release|Any CPU.ActiveCfg = Release|Any CPU
		{366B45E7-D76A-45DA-BFA0-13DDD1B15A0B}.Release|Any CPU.Build.0 = Release|Any CPU
	EndGlobalSection
	GlobalSection(SolutionProperties) = preSolution
		HideSolutionNode = FALSE
	EndGlobalSection
	GlobalSection(ExtensibilityGlobals) = postSolution
		SolutionGuid = {CCE5E62F-30A9-4A54-B7CC-00707C9F23BD}
	EndGlobalSection
EndGlobal
